
Microsoft Visual Studio Solution File, Format Version 12.00
# Visual Studio 15
VisualStudioVersion = 15.0.28010.2050
MinimumVisualStudioVersion = 10.0.40219.1
Project("{FAE04EC0-301F-11D3-BF4B-00C04F79EFBC}") = "ThreeFourPlayground.Android", "ThreeFourPlayground\ThreeFourPlayground.Android\ThreeFourPlayground.Android.csproj", "{E95118AF-3BB6-4E95-A060-900E73000E61}"
EndProject
Project("{FAE04EC0-301F-11D3-BF4B-00C04F79EFBC}") = "ThreeFourPlayground.iOS", "ThreeFourPlayground\ThreeFourPlayground.iOS\ThreeFourPlayground.iOS.csproj", "{25AA4F25-BB9F-431D-86D3-18AC5AC634BA}"
EndProject
Project("{FAE04EC0-301F-11D3-BF4B-00C04F79EFBC}") = "ThreeFourPlayground.UWP", "ThreeFourPlayground\ThreeFourPlayground.UWP\ThreeFourPlayground.UWP.csproj", "{99748966-C010-4D8F-B366-33D5E2528AC9}"
EndProject
Project("{FAE04EC0-301F-11D3-BF4B-00C04F79EFBC}") = "ThreeFourPlayground", "ThreeFourPlayground\ThreeFourPlayground\ThreeFourPlayground.csproj", "{75F82D47-6E40-4038-A6B3-21A162407497}"
EndProject
Global
	GlobalSection(SolutionConfigurationPlatforms) = preSolution
		Ad-Hoc|Any CPU = Ad-Hoc|Any CPU
		Ad-Hoc|ARM = Ad-Hoc|ARM
		Ad-Hoc|iPhone = Ad-Hoc|iPhone
		Ad-Hoc|iPhoneSimulator = Ad-Hoc|iPhoneSimulator
		Ad-Hoc|x64 = Ad-Hoc|x64
		Ad-Hoc|x86 = Ad-Hoc|x86
		AppStore|Any CPU = AppStore|Any CPU
		AppStore|ARM = AppStore|ARM
		AppStore|iPhone = AppStore|iPhone
		AppStore|iPhoneSimulator = AppStore|iPhoneSimulator
		AppStore|x64 = AppStore|x64
		AppStore|x86 = AppStore|x86
		Debug|Any CPU = Debug|Any CPU
		Debug|ARM = Debug|ARM
		Debug|iPhone = Debug|iPhone
		Debug|iPhoneSimulator = Debug|iPhoneSimulator
		Debug|x64 = Debug|x64
		Debug|x86 = Debug|x86
		Release|Any CPU = Release|Any CPU
		Release|ARM = Release|ARM
		Release|iPhone = Release|iPhone
		Release|iPhoneSimulator = Release|iPhoneSimulator
		Release|x64 = Release|x64
		Release|x86 = Release|x86
	EndGlobalSection
	GlobalSection(ProjectConfigurationPlatforms) = postSolution
		{E95118AF-3BB6-4E95-A060-900E73000E61}.Ad-Hoc|Any CPU.ActiveCfg = Release|Any CPU
		{E95118AF-3BB6-4E95-A060-900E73000E61}.Ad-Hoc|Any CPU.Build.0 = Release|Any CPU
		{E95118AF-3BB6-4E95-A060-900E73000E61}.Ad-Hoc|Any CPU.Deploy.0 = Release|Any CPU
		{E95118AF-3BB6-4E95-A060-900E73000E61}.Ad-Hoc|ARM.ActiveCfg = Release|Any CPU
		{E95118AF-3BB6-4E95-A060-900E73000E61}.Ad-Hoc|ARM.Build.0 = Release|Any CPU
		{E95118AF-3BB6-4E95-A060-900E73000E61}.Ad-Hoc|ARM.Deploy.0 = Release|Any CPU
		{E95118AF-3BB6-4E95-A060-900E73000E61}.Ad-Hoc|iPhone.ActiveCfg = Release|Any CPU
		{E95118AF-3BB6-4E95-A060-900E73000E61}.Ad-Hoc|iPhone.Build.0 = Release|Any CPU
		{E95118AF-3BB6-4E95-A060-900E73000E61}.Ad-Hoc|iPhone.Deploy.0 = Release|Any CPU
		{E95118AF-3BB6-4E95-A060-900E73000E61}.Ad-Hoc|iPhoneSimulator.ActiveCfg = Release|Any CPU
		{E95118AF-3BB6-4E95-A060-900E73000E61}.Ad-Hoc|iPhoneSimulator.Build.0 = Release|Any CPU
		{E95118AF-3BB6-4E95-A060-900E73000E61}.Ad-Hoc|iPhoneSimulator.Deploy.0 = Release|Any CPU
		{E95118AF-3BB6-4E95-A060-900E73000E61}.Ad-Hoc|x64.ActiveCfg = Release|Any CPU
		{E95118AF-3BB6-4E95-A060-900E73000E61}.Ad-Hoc|x64.Build.0 = Release|Any CPU
		{E95118AF-3BB6-4E95-A060-900E73000E61}.Ad-Hoc|x64.Deploy.0 = Release|Any CPU
		{E95118AF-3BB6-4E95-A060-900E73000E61}.Ad-Hoc|x86.ActiveCfg = Release|Any CPU
		{E95118AF-3BB6-4E95-A060-900E73000E61}.Ad-Hoc|x86.Build.0 = Release|Any CPU
		{E95118AF-3BB6-4E95-A060-900E73000E61}.Ad-Hoc|x86.Deploy.0 = Release|Any CPU
		{E95118AF-3BB6-4E95-A060-900E73000E61}.AppStore|Any CPU.ActiveCfg = Release|Any CPU
		{E95118AF-3BB6-4E95-A060-900E73000E61}.AppStore|Any CPU.Build.0 = Release|Any CPU
		{E95118AF-3BB6-4E95-A060-900E73000E61}.AppStore|Any CPU.Deploy.0 = Release|Any CPU
		{E95118AF-3BB6-4E95-A060-900E73000E61}.AppStore|ARM.ActiveCfg = Release|Any CPU
		{E95118AF-3BB6-4E95-A060-900E73000E61}.AppStore|ARM.Build.0 = Release|Any CPU
		{E95118AF-3BB6-4E95-A060-900E73000E61}.AppStore|ARM.Deploy.0 = Release|Any CPU
		{E95118AF-3BB6-4E95-A060-900E73000E61}.AppStore|iPhone.ActiveCfg = Release|Any CPU
		{E95118AF-3BB6-4E95-A060-900E73000E61}.AppStore|iPhone.Build.0 = Release|Any CPU
		{E95118AF-3BB6-4E95-A060-900E73000E61}.AppStore|iPhone.Deploy.0 = Release|Any CPU
		{E95118AF-3BB6-4E95-A060-900E73000E61}.AppStore|iPhoneSimulator.ActiveCfg = Release|Any CPU
		{E95118AF-3BB6-4E95-A060-900E73000E61}.AppStore|iPhoneSimulator.Build.0 = Release|Any CPU
		{E95118AF-3BB6-4E95-A060-900E73000E61}.AppStore|iPhoneSimulator.Deploy.0 = Release|Any CPU
		{E95118AF-3BB6-4E95-A060-900E73000E61}.AppStore|x64.ActiveCfg = Release|Any CPU
		{E95118AF-3BB6-4E95-A060-900E73000E61}.AppStore|x64.Build.0 = Release|Any CPU
		{E95118AF-3BB6-4E95-A060-900E73000E61}.AppStore|x64.Deploy.0 = Release|Any CPU
		{E95118AF-3BB6-4E95-A060-900E73000E61}.AppStore|x86.ActiveCfg = Release|Any CPU
		{E95118AF-3BB6-4E95-A060-900E73000E61}.AppStore|x86.Build.0 = Release|Any CPU
		{E95118AF-3BB6-4E95-A060-900E73000E61}.AppStore|x86.Deploy.0 = Release|Any CPU
		{E95118AF-3BB6-4E95-A060-900E73000E61}.Debug|Any CPU.ActiveCfg = Debug|Any CPU
		{E95118AF-3BB6-4E95-A060-900E73000E61}.Debug|Any CPU.Build.0 = Debug|Any CPU
		{E95118AF-3BB6-4E95-A060-900E73000E61}.Debug|Any CPU.Deploy.0 = Debug|Any CPU
		{E95118AF-3BB6-4E95-A060-900E73000E61}.Debug|ARM.ActiveCfg = Debug|Any CPU
		{E95118AF-3BB6-4E95-A060-900E73000E61}.Debug|ARM.Build.0 = Debug|Any CPU
		{E95118AF-3BB6-4E95-A060-900E73000E61}.Debug|ARM.Deploy.0 = Debug|Any CPU
		{E95118AF-3BB6-4E95-A060-900E73000E61}.Debug|iPhone.ActiveCfg = Debug|Any CPU
		{E95118AF-3BB6-4E95-A060-900E73000E61}.Debug|iPhone.Build.0 = Debug|Any CPU
		{E95118AF-3BB6-4E95-A060-900E73000E61}.Debug|iPhone.Deploy.0 = Debug|Any CPU
		{E95118AF-3BB6-4E95-A060-900E73000E61}.Debug|iPhoneSimulator.ActiveCfg = Debug|Any CPU
		{E95118AF-3BB6-4E95-A060-900E73000E61}.Debug|iPhoneSimulator.Build.0 = Debug|Any CPU
		{E95118AF-3BB6-4E95-A060-900E73000E61}.Debug|iPhoneSimulator.Deploy.0 = Debug|Any CPU
		{E95118AF-3BB6-4E95-A060-900E73000E61}.Debug|x64.ActiveCfg = Debug|Any CPU
		{E95118AF-3BB6-4E95-A060-900E73000E61}.Debug|x64.Build.0 = Debug|Any CPU
		{E95118AF-3BB6-4E95-A060-900E73000E61}.Debug|x64.Deploy.0 = Debug|Any CPU
		{E95118AF-3BB6-4E95-A060-900E73000E61}.Debug|x86.ActiveCfg = Debug|Any CPU
		{E95118AF-3BB6-4E95-A060-900E73000E61}.Debug|x86.Build.0 = Debug|Any CPU
		{E95118AF-3BB6-4E95-A060-900E73000E61}.Debug|x86.Deploy.0 = Debug|Any CPU
		{E95118AF-3BB6-4E95-A060-900E73000E61}.Release|Any CPU.ActiveCfg = Release|Any CPU
		{E95118AF-3BB6-4E95-A060-900E73000E61}.Release|Any CPU.Build.0 = Release|Any CPU
		{E95118AF-3BB6-4E95-A060-900E73000E61}.Release|Any CPU.Deploy.0 = Release|Any CPU
		{E95118AF-3BB6-4E95-A060-900E73000E61}.Release|ARM.ActiveCfg = Release|Any CPU
		{E95118AF-3BB6-4E95-A060-900E73000E61}.Release|ARM.Build.0 = Release|Any CPU
		{E95118AF-3BB6-4E95-A060-900E73000E61}.Release|ARM.Deploy.0 = Release|Any CPU
		{E95118AF-3BB6-4E95-A060-900E73000E61}.Release|iPhone.ActiveCfg = Release|Any CPU
		{E95118AF-3BB6-4E95-A060-900E73000E61}.Release|iPhone.Build.0 = Release|Any CPU
		{E95118AF-3BB6-4E95-A060-900E73000E61}.Release|iPhone.Deploy.0 = Release|Any CPU
		{E95118AF-3BB6-4E95-A060-900E73000E61}.Release|iPhoneSimulator.ActiveCfg = Release|Any CPU
		{E95118AF-3BB6-4E95-A060-900E73000E61}.Release|iPhoneSimulator.Build.0 = Release|Any CPU
		{E95118AF-3BB6-4E95-A060-900E73000E61}.Release|iPhoneSimulator.Deploy.0 = Release|Any CPU
		{E95118AF-3BB6-4E95-A060-900E73000E61}.Release|x64.ActiveCfg = Release|Any CPU
		{E95118AF-3BB6-4E95-A060-900E73000E61}.Release|x64.Build.0 = Release|Any CPU
		{E95118AF-3BB6-4E95-A060-900E73000E61}.Release|x64.Deploy.0 = Release|Any CPU
		{E95118AF-3BB6-4E95-A060-900E73000E61}.Release|x86.ActiveCfg = Release|Any CPU
		{E95118AF-3BB6-4E95-A060-900E73000E61}.Release|x86.Build.0 = Release|Any CPU
		{E95118AF-3BB6-4E95-A060-900E73000E61}.Release|x86.Deploy.0 = Release|Any CPU
		{25AA4F25-BB9F-431D-86D3-18AC5AC634BA}.Ad-Hoc|Any CPU.ActiveCfg = Ad-Hoc|iPhone
		{25AA4F25-BB9F-431D-86D3-18AC5AC634BA}.Ad-Hoc|Any CPU.Build.0 = Ad-Hoc|iPhone
		{25AA4F25-BB9F-431D-86D3-18AC5AC634BA}.Ad-Hoc|Any CPU.Deploy.0 = Ad-Hoc|iPhone
		{25AA4F25-BB9F-431D-86D3-18AC5AC634BA}.Ad-Hoc|ARM.ActiveCfg = Ad-Hoc|iPhone
		{25AA4F25-BB9F-431D-86D3-18AC5AC634BA}.Ad-Hoc|ARM.Build.0 = Ad-Hoc|iPhone
		{25AA4F25-BB9F-431D-86D3-18AC5AC634BA}.Ad-Hoc|ARM.Deploy.0 = Ad-Hoc|iPhone
		{25AA4F25-BB9F-431D-86D3-18AC5AC634BA}.Ad-Hoc|iPhone.ActiveCfg = Ad-Hoc|iPhone
		{25AA4F25-BB9F-431D-86D3-18AC5AC634BA}.Ad-Hoc|iPhone.Build.0 = Ad-Hoc|iPhone
		{25AA4F25-BB9F-431D-86D3-18AC5AC634BA}.Ad-Hoc|iPhone.Deploy.0 = Ad-Hoc|iPhone
		{25AA4F25-BB9F-431D-86D3-18AC5AC634BA}.Ad-Hoc|iPhoneSimulator.ActiveCfg = Ad-Hoc|iPhoneSimulator
		{25AA4F25-BB9F-431D-86D3-18AC5AC634BA}.Ad-Hoc|iPhoneSimulator.Build.0 = Ad-Hoc|iPhoneSimulator
		{25AA4F25-BB9F-431D-86D3-18AC5AC634BA}.Ad-Hoc|iPhoneSimulator.Deploy.0 = Ad-Hoc|iPhoneSimulator
		{25AA4F25-BB9F-431D-86D3-18AC5AC634BA}.Ad-Hoc|x64.ActiveCfg = Ad-Hoc|iPhone
		{25AA4F25-BB9F-431D-86D3-18AC5AC634BA}.Ad-Hoc|x64.Build.0 = Ad-Hoc|iPhone
		{25AA4F25-BB9F-431D-86D3-18AC5AC634BA}.Ad-Hoc|x64.Deploy.0 = Ad-Hoc|iPhone
		{25AA4F25-BB9F-431D-86D3-18AC5AC634BA}.Ad-Hoc|x86.ActiveCfg = Ad-Hoc|iPhone
		{25AA4F25-BB9F-431D-86D3-18AC5AC634BA}.Ad-Hoc|x86.Build.0 = Ad-Hoc|iPhone
		{25AA4F25-BB9F-431D-86D3-18AC5AC634BA}.Ad-Hoc|x86.Deploy.0 = Ad-Hoc|iPhone
		{25AA4F25-BB9F-431D-86D3-18AC5AC634BA}.AppStore|Any CPU.ActiveCfg = AppStore|iPhone
		{25AA4F25-BB9F-431D-86D3-18AC5AC634BA}.AppStore|Any CPU.Build.0 = AppStore|iPhone
		{25AA4F25-BB9F-431D-86D3-18AC5AC634BA}.AppStore|Any CPU.Deploy.0 = AppStore|iPhone
		{25AA4F25-BB9F-431D-86D3-18AC5AC634BA}.AppStore|ARM.ActiveCfg = AppStore|iPhone
		{25AA4F25-BB9F-431D-86D3-18AC5AC634BA}.AppStore|ARM.Build.0 = AppStore|iPhone
		{25AA4F25-BB9F-431D-86D3-18AC5AC634BA}.AppStore|ARM.Deploy.0 = AppStore|iPhone
		{25AA4F25-BB9F-431D-86D3-18AC5AC634BA}.AppStore|iPhone.ActiveCfg = AppStore|iPhone
		{25AA4F25-BB9F-431D-86D3-18AC5AC634BA}.AppStore|iPhone.Build.0 = AppStore|iPhone
		{25AA4F25-BB9F-431D-86D3-18AC5AC634BA}.AppStore|iPhone.Deploy.0 = AppStore|iPhone
		{25AA4F25-BB9F-431D-86D3-18AC5AC634BA}.AppStore|iPhoneSimulator.ActiveCfg = AppStore|iPhoneSimulator
		{25AA4F25-BB9F-431D-86D3-18AC5AC634BA}.AppStore|iPhoneSimulator.Build.0 = AppStore|iPhoneSimulator
		{25AA4F25-BB9F-431D-86D3-18AC5AC634BA}.AppStore|iPhoneSimulator.Deploy.0 = AppStore|iPhoneSimulator
		{25AA4F25-BB9F-431D-86D3-18AC5AC634BA}.AppStore|x64.ActiveCfg = AppStore|iPhone
		{25AA4F25-BB9F-431D-86D3-18AC5AC634BA}.AppStore|x64.Build.0 = AppStore|iPhone
		{25AA4F25-BB9F-431D-86D3-18AC5AC634BA}.AppStore|x64.Deploy.0 = AppStore|iPhone
		{25AA4F25-BB9F-431D-86D3-18AC5AC634BA}.AppStore|x86.ActiveCfg = AppStore|iPhone
		{25AA4F25-BB9F-431D-86D3-18AC5AC634BA}.AppStore|x86.Build.0 = AppStore|iPhone
		{25AA4F25-BB9F-431D-86D3-18AC5AC634BA}.AppStore|x86.Deploy.0 = AppStore|iPhone
		{25AA4F25-BB9F-431D-86D3-18AC5AC634BA}.Debug|Any CPU.ActiveCfg = Debug|iPhoneSimulator
		{25AA4F25-BB9F-431D-86D3-18AC5AC634BA}.Debug|Any CPU.Build.0 = Debug|iPhoneSimulator
		{25AA4F25-BB9F-431D-86D3-18AC5AC634BA}.Debug|Any CPU.Deploy.0 = Debug|iPhoneSimulator
		{25AA4F25-BB9F-431D-86D3-18AC5AC634BA}.Debug|ARM.ActiveCfg = Debug|iPhone
		{25AA4F25-BB9F-431D-86D3-18AC5AC634BA}.Debug|ARM.Build.0 = Debug|iPhone
		{25AA4F25-BB9F-431D-86D3-18AC5AC634BA}.Debug|ARM.Deploy.0 = Debug|iPhone
		{25AA4F25-BB9F-431D-86D3-18AC5AC634BA}.Debug|iPhone.ActiveCfg = Debug|iPhone
		{25AA4F25-BB9F-431D-86D3-18AC5AC634BA}.Debug|iPhone.Build.0 = Debug|iPhone
		{25AA4F25-BB9F-431D-86D3-18AC5AC634BA}.Debug|iPhone.Deploy.0 = Debug|iPhone
		{25AA4F25-BB9F-431D-86D3-18AC5AC634BA}.Debug|iPhoneSimulator.ActiveCfg = Debug|iPhoneSimulator
		{25AA4F25-BB9F-431D-86D3-18AC5AC634BA}.Debug|iPhoneSimulator.Build.0 = Debug|iPhoneSimulator
		{25AA4F25-BB9F-431D-86D3-18AC5AC634BA}.Debug|iPhoneSimulator.Deploy.0 = Debug|iPhoneSimulator
		{25AA4F25-BB9F-431D-86D3-18AC5AC634BA}.Debug|x64.ActiveCfg = Debug|iPhone
		{25AA4F25-BB9F-431D-86D3-18AC5AC634BA}.Debug|x64.Build.0 = Debug|iPhone
		{25AA4F25-BB9F-431D-86D3-18AC5AC634BA}.Debug|x64.Deploy.0 = Debug|iPhone
		{25AA4F25-BB9F-431D-86D3-18AC5AC634BA}.Debug|x86.ActiveCfg = Debug|iPhone
		{25AA4F25-BB9F-431D-86D3-18AC5AC634BA}.Debug|x86.Build.0 = Debug|iPhone
		{25AA4F25-BB9F-431D-86D3-18AC5AC634BA}.Debug|x86.Deploy.0 = Debug|iPhone
		{25AA4F25-BB9F-431D-86D3-18AC5AC634BA}.Release|Any CPU.ActiveCfg = Release|iPhone
		{25AA4F25-BB9F-431D-86D3-18AC5AC634BA}.Release|Any CPU.Build.0 = Release|iPhone
		{25AA4F25-BB9F-431D-86D3-18AC5AC634BA}.Release|Any CPU.Deploy.0 = Release|iPhone
		{25AA4F25-BB9F-431D-86D3-18AC5AC634BA}.Release|ARM.ActiveCfg = Release|iPhone
		{25AA4F25-BB9F-431D-86D3-18AC5AC634BA}.Release|ARM.Build.0 = Release|iPhone
		{25AA4F25-BB9F-431D-86D3-18AC5AC634BA}.Release|ARM.Deploy.0 = Release|iPhone
		{25AA4F25-BB9F-431D-86D3-18AC5AC634BA}.Release|iPhone.ActiveCfg = Release|iPhone
		{25AA4F25-BB9F-431D-86D3-18AC5AC634BA}.Release|iPhone.Build.0 = Release|iPhone
		{25AA4F25-BB9F-431D-86D3-18AC5AC634BA}.Release|iPhone.Deploy.0 = Release|iPhone
		{25AA4F25-BB9F-431D-86D3-18AC5AC634BA}.Release|iPhoneSimulator.ActiveCfg = Release|iPhoneSimulator
		{25AA4F25-BB9F-431D-86D3-18AC5AC634BA}.Release|iPhoneSimulator.Build.0 = Release|iPhoneSimulator
		{25AA4F25-BB9F-431D-86D3-18AC5AC634BA}.Release|iPhoneSimulator.Deploy.0 = Release|iPhoneSimulator
		{25AA4F25-BB9F-431D-86D3-18AC5AC634BA}.Release|x64.ActiveCfg = Release|iPhone
		{25AA4F25-BB9F-431D-86D3-18AC5AC634BA}.Release|x64.Build.0 = Release|iPhone
		{25AA4F25-BB9F-431D-86D3-18AC5AC634BA}.Release|x64.Deploy.0 = Release|iPhone
		{25AA4F25-BB9F-431D-86D3-18AC5AC634BA}.Release|x86.ActiveCfg = Release|iPhone
		{25AA4F25-BB9F-431D-86D3-18AC5AC634BA}.Release|x86.Build.0 = Release|iPhone
		{25AA4F25-BB9F-431D-86D3-18AC5AC634BA}.Release|x86.Deploy.0 = Release|iPhone
		{99748966-C010-4D8F-B366-33D5E2528AC9}.Ad-Hoc|Any CPU.ActiveCfg = Release|x86
		{99748966-C010-4D8F-B366-33D5E2528AC9}.Ad-Hoc|Any CPU.Build.0 = Release|x86
		{99748966-C010-4D8F-B366-33D5E2528AC9}.Ad-Hoc|Any CPU.Deploy.0 = Release|x86
		{99748966-C010-4D8F-B366-33D5E2528AC9}.Ad-Hoc|ARM.ActiveCfg = Release|ARM
		{99748966-C010-4D8F-B366-33D5E2528AC9}.Ad-Hoc|ARM.Build.0 = Release|ARM
		{99748966-C010-4D8F-B366-33D5E2528AC9}.Ad-Hoc|ARM.Deploy.0 = Release|ARM
		{99748966-C010-4D8F-B366-33D5E2528AC9}.Ad-Hoc|iPhone.ActiveCfg = Release|x86
		{99748966-C010-4D8F-B366-33D5E2528AC9}.Ad-Hoc|iPhone.Build.0 = Release|x86
		{99748966-C010-4D8F-B366-33D5E2528AC9}.Ad-Hoc|iPhone.Deploy.0 = Release|x86
		{99748966-C010-4D8F-B366-33D5E2528AC9}.Ad-Hoc|iPhoneSimulator.ActiveCfg = Release|x86
		{99748966-C010-4D8F-B366-33D5E2528AC9}.Ad-Hoc|iPhoneSimulator.Build.0 = Release|x86
		{99748966-C010-4D8F-B366-33D5E2528AC9}.Ad-Hoc|iPhoneSimulator.Deploy.0 = Release|x86
		{99748966-C010-4D8F-B366-33D5E2528AC9}.Ad-Hoc|x64.ActiveCfg = Release|x64
		{99748966-C010-4D8F-B366-33D5E2528AC9}.Ad-Hoc|x64.Build.0 = Release|x64
		{99748966-C010-4D8F-B366-33D5E2528AC9}.Ad-Hoc|x64.Deploy.0 = Release|x64
		{99748966-C010-4D8F-B366-33D5E2528AC9}.Ad-Hoc|x86.ActiveCfg = Release|x86
		{99748966-C010-4D8F-B366-33D5E2528AC9}.Ad-Hoc|x86.Build.0 = Release|x86
		{99748966-C010-4D8F-B366-33D5E2528AC9}.Ad-Hoc|x86.Deploy.0 = Release|x86
		{99748966-C010-4D8F-B366-33D5E2528AC9}.AppStore|Any CPU.ActiveCfg = Release|x86
		{99748966-C010-4D8F-B366-33D5E2528AC9}.AppStore|Any CPU.Build.0 = Release|x86
		{99748966-C010-4D8F-B366-33D5E2528AC9}.AppStore|Any CPU.Deploy.0 = Release|x86
		{99748966-C010-4D8F-B366-33D5E2528AC9}.AppStore|ARM.ActiveCfg = Release|ARM
		{99748966-C010-4D8F-B366-33D5E2528AC9}.AppStore|ARM.Build.0 = Release|ARM
		{99748966-C010-4D8F-B366-33D5E2528AC9}.AppStore|ARM.Deploy.0 = Release|ARM
		{99748966-C010-4D8F-B366-33D5E2528AC9}.AppStore|iPhone.ActiveCfg = Release|x86
		{99748966-C010-4D8F-B366-33D5E2528AC9}.AppStore|iPhone.Build.0 = Release|x86
		{99748966-C010-4D8F-B366-33D5E2528AC9}.AppStore|iPhone.Deploy.0 = Release|x86
		{99748966-C010-4D8F-B366-33D5E2528AC9}.AppStore|iPhoneSimulator.ActiveCfg = Release|x86
		{99748966-C010-4D8F-B366-33D5E2528AC9}.AppStore|iPhoneSimulator.Build.0 = Release|x86
		{99748966-C010-4D8F-B366-33D5E2528AC9}.AppStore|iPhoneSimulator.Deploy.0 = Release|x86
		{99748966-C010-4D8F-B366-33D5E2528AC9}.AppStore|x64.ActiveCfg = Release|x64
		{99748966-C010-4D8F-B366-33D5E2528AC9}.AppStore|x64.Build.0 = Release|x64
		{99748966-C010-4D8F-B366-33D5E2528AC9}.AppStore|x64.Deploy.0 = Release|x64
		{99748966-C010-4D8F-B366-33D5E2528AC9}.AppStore|x86.ActiveCfg = Release|x86
		{99748966-C010-4D8F-B366-33D5E2528AC9}.AppStore|x86.Build.0 = Release|x86
		{99748966-C010-4D8F-B366-33D5E2528AC9}.AppStore|x86.Deploy.0 = Release|x86
		{99748966-C010-4D8F-B366-33D5E2528AC9}.Debug|Any CPU.ActiveCfg = Debug|x86
		{99748966-C010-4D8F-B366-33D5E2528AC9}.Debug|Any CPU.Build.0 = Debug|x86
		{99748966-C010-4D8F-B366-33D5E2528AC9}.Debug|Any CPU.Deploy.0 = Debug|x86
		{99748966-C010-4D8F-B366-33D5E2528AC9}.Debug|ARM.ActiveCfg = Debug|ARM
		{99748966-C010-4D8F-B366-33D5E2528AC9}.Debug|ARM.Build.0 = Debug|ARM
		{99748966-C010-4D8F-B366-33D5E2528AC9}.Debug|ARM.Deploy.0 = Debug|ARM
		{99748966-C010-4D8F-B366-33D5E2528AC9}.Debug|iPhone.ActiveCfg = Debug|x86
		{99748966-C010-4D8F-B366-33D5E2528AC9}.Debug|iPhone.Build.0 = Debug|x86
		{99748966-C010-4D8F-B366-33D5E2528AC9}.Debug|iPhone.Deploy.0 = Debug|x86
		{99748966-C010-4D8F-B366-33D5E2528AC9}.Debug|iPhoneSimulator.ActiveCfg = Debug|x86
		{99748966-C010-4D8F-B366-33D5E2528AC9}.Debug|iPhoneSimulator.Build.0 = Debug|x86
		{99748966-C010-4D8F-B366-33D5E2528AC9}.Debug|iPhoneSimulator.Deploy.0 = Debug|x86
		{99748966-C010-4D8F-B366-33D5E2528AC9}.Debug|x64.ActiveCfg = Debug|x64
		{99748966-C010-4D8F-B366-33D5E2528AC9}.Debug|x64.Build.0 = Debug|x64
		{99748966-C010-4D8F-B366-33D5E2528AC9}.Debug|x64.Deploy.0 = Debug|x64
		{99748966-C010-4D8F-B366-33D5E2528AC9}.Debug|x86.ActiveCfg = Debug|x86
		{99748966-C010-4D8F-B366-33D5E2528AC9}.Debug|x86.Build.0 = Debug|x86
		{99748966-C010-4D8F-B366-33D5E2528AC9}.Debug|x86.Deploy.0 = Debug|x86
		{99748966-C010-4D8F-B366-33D5E2528AC9}.Release|Any CPU.ActiveCfg = Release|x86
		{99748966-C010-4D8F-B366-33D5E2528AC9}.Release|Any CPU.Build.0 = Release|x86
		{99748966-C010-4D8F-B366-33D5E2528AC9}.Release|Any CPU.Deploy.0 = Release|x86
		{99748966-C010-4D8F-B366-33D5E2528AC9}.Release|ARM.ActiveCfg = Release|ARM
		{99748966-C010-4D8F-B366-33D5E2528AC9}.Release|ARM.Build.0 = Release|ARM
		{99748966-C010-4D8F-B366-33D5E2528AC9}.Release|ARM.Deploy.0 = Release|ARM
		{99748966-C010-4D8F-B366-33D5E2528AC9}.Release|iPhone.ActiveCfg = Release|x86
		{99748966-C010-4D8F-B366-33D5E2528AC9}.Release|iPhone.Build.0 = Release|x86
		{99748966-C010-4D8F-B366-33D5E2528AC9}.Release|iPhone.Deploy.0 = Release|x86
		{99748966-C010-4D8F-B366-33D5E2528AC9}.Release|iPhoneSimulator.ActiveCfg = Release|x86
		{99748966-C010-4D8F-B366-33D5E2528AC9}.Release|iPhoneSimulator.Build.0 = Release|x86
		{99748966-C010-4D8F-B366-33D5E2528AC9}.Release|iPhoneSimulator.Deploy.0 = Release|x86
		{99748966-C010-4D8F-B366-33D5E2528AC9}.Release|x64.ActiveCfg = Release|x64
		{99748966-C010-4D8F-B366-33D5E2528AC9}.Release|x64.Build.0 = Release|x64
		{99748966-C010-4D8F-B366-33D5E2528AC9}.Release|x64.Deploy.0 = Release|x64
		{99748966-C010-4D8F-B366-33D5E2528AC9}.Release|x86.ActiveCfg = Release|x86
		{99748966-C010-4D8F-B366-33D5E2528AC9}.Release|x86.Build.0 = Release|x86
		{99748966-C010-4D8F-B366-33D5E2528AC9}.Release|x86.Deploy.0 = Release|x86
		{75F82D47-6E40-4038-A6B3-21A162407497}.Ad-Hoc|Any CPU.ActiveCfg = Debug|Any CPU
		{75F82D47-6E40-4038-A6B3-21A162407497}.Ad-Hoc|Any CPU.Build.0 = Debug|Any CPU
		{75F82D47-6E40-4038-A6B3-21A162407497}.Ad-Hoc|Any CPU.Deploy.0 = Debug|Any CPU
		{75F82D47-6E40-4038-A6B3-21A162407497}.Ad-Hoc|ARM.ActiveCfg = Debug|Any CPU
		{75F82D47-6E40-4038-A6B3-21A162407497}.Ad-Hoc|ARM.Build.0 = Debug|Any CPU
		{75F82D47-6E40-4038-A6B3-21A162407497}.Ad-Hoc|ARM.Deploy.0 = Debug|Any CPU
		{75F82D47-6E40-4038-A6B3-21A162407497}.Ad-Hoc|iPhone.ActiveCfg = Debug|Any CPU
		{75F82D47-6E40-4038-A6B3-21A162407497}.Ad-Hoc|iPhone.Build.0 = Debug|Any CPU
		{75F82D47-6E40-4038-A6B3-21A162407497}.Ad-Hoc|iPhone.Deploy.0 = Debug|Any CPU
		{75F82D47-6E40-4038-A6B3-21A162407497}.Ad-Hoc|iPhoneSimulator.ActiveCfg = Debug|Any CPU
		{75F82D47-6E40-4038-A6B3-21A162407497}.Ad-Hoc|iPhoneSimulator.Build.0 = Debug|Any CPU
		{75F82D47-6E40-4038-A6B3-21A162407497}.Ad-Hoc|iPhoneSimulator.Deploy.0 = Debug|Any CPU
		{75F82D47-6E40-4038-A6B3-21A162407497}.Ad-Hoc|x64.ActiveCfg = Debug|Any CPU
		{75F82D47-6E40-4038-A6B3-21A162407497}.Ad-Hoc|x64.Build.0 = Debug|Any CPU
		{75F82D47-6E40-4038-A6B3-21A162407497}.Ad-Hoc|x64.Deploy.0 = Debug|Any CPU
		{75F82D47-6E40-4038-A6B3-21A162407497}.Ad-Hoc|x86.ActiveCfg = Debug|Any CPU
		{75F82D47-6E40-4038-A6B3-21A162407497}.Ad-Hoc|x86.Build.0 = Debug|Any CPU
		{75F82D47-6E40-4038-A6B3-21A162407497}.Ad-Hoc|x86.Deploy.0 = Debug|Any CPU
		{75F82D47-6E40-4038-A6B3-21A162407497}.AppStore|Any CPU.ActiveCfg = Debug|Any CPU
		{75F82D47-6E40-4038-A6B3-21A162407497}.AppStore|Any CPU.Build.0 = Debug|Any CPU
		{75F82D47-6E40-4038-A6B3-21A162407497}.AppStore|Any CPU.Deploy.0 = Debug|Any CPU
		{75F82D47-6E40-4038-A6B3-21A162407497}.AppStore|ARM.ActiveCfg = Debug|Any CPU
		{75F82D47-6E40-4038-A6B3-21A162407497}.AppStore|ARM.Build.0 = Debug|Any CPU
		{75F82D47-6E40-4038-A6B3-21A162407497}.AppStore|ARM.Deploy.0 = Debug|Any CPU
		{75F82D47-6E40-4038-A6B3-21A162407497}.AppStore|iPhone.ActiveCfg = Debug|Any CPU
		{75F82D47-6E40-4038-A6B3-21A162407497}.AppStore|iPhone.Build.0 = Debug|Any CPU
		{75F82D47-6E40-4038-A6B3-21A162407497}.AppStore|iPhone.Deploy.0 = Debug|Any CPU
		{75F82D47-6E40-4038-A6B3-21A162407497}.AppStore|iPhoneSimulator.ActiveCfg = Debug|Any CPU
		{75F82D47-6E40-4038-A6B3-21A162407497}.AppStore|iPhoneSimulator.Build.0 = Debug|Any CPU
		{75F82D47-6E40-4038-A6B3-21A162407497}.AppStore|iPhoneSimulator.Deploy.0 = Debug|Any CPU
		{75F82D47-6E40-4038-A6B3-21A162407497}.AppStore|x64.ActiveCfg = Debug|Any CPU
		{75F82D47-6E40-4038-A6B3-21A162407497}.AppStore|x64.Build.0 = Debug|Any CPU
		{75F82D47-6E40-4038-A6B3-21A162407497}.AppStore|x64.Deploy.0 = Debug|Any CPU
		{75F82D47-6E40-4038-A6B3-21A162407497}.AppStore|x86.ActiveCfg = Debug|Any CPU
		{75F82D47-6E40-4038-A6B3-21A162407497}.AppStore|x86.Build.0 = Debug|Any CPU
		{75F82D47-6E40-4038-A6B3-21A162407497}.AppStore|x86.Deploy.0 = Debug|Any CPU
		{75F82D47-6E40-4038-A6B3-21A162407497}.Debug|Any CPU.ActiveCfg = Debug|Any CPU
		{75F82D47-6E40-4038-A6B3-21A162407497}.Debug|Any CPU.Build.0 = Debug|Any CPU
		{75F82D47-6E40-4038-A6B3-21A162407497}.Debug|Any CPU.Deploy.0 = Debug|Any CPU
		{75F82D47-6E40-4038-A6B3-21A162407497}.Debug|ARM.ActiveCfg = Debug|Any CPU
		{75F82D47-6E40-4038-A6B3-21A162407497}.Debug|ARM.Build.0 = Debug|Any CPU
		{75F82D47-6E40-4038-A6B3-21A162407497}.Debug|ARM.Deploy.0 = Debug|Any CPU
		{75F82D47-6E40-4038-A6B3-21A162407497}.Debug|iPhone.ActiveCfg = Debug|Any CPU
		{75F82D47-6E40-4038-A6B3-21A162407497}.Debug|iPhone.Build.0 = Debug|Any CPU
		{75F82D47-6E40-4038-A6B3-21A162407497}.Debug|iPhone.Deploy.0 = Debug|Any CPU
		{75F82D47-6E40-4038-A6B3-21A162407497}.Debug|iPhoneSimulator.ActiveCfg = Debug|Any CPU
		{75F82D47-6E40-4038-A6B3-21A162407497}.Debug|iPhoneSimulator.Build.0 = Debug|Any CPU
		{75F82D47-6E40-4038-A6B3-21A162407497}.Debug|iPhoneSimulator.Deploy.0 = Debug|Any CPU
		{75F82D47-6E40-4038-A6B3-21A162407497}.Debug|x64.ActiveCfg = Debug|Any CPU
		{75F82D47-6E40-4038-A6B3-21A162407497}.Debug|x64.Build.0 = Debug|Any CPU
		{75F82D47-6E40-4038-A6B3-21A162407497}.Debug|x64.Deploy.0 = Debug|Any CPU
		{75F82D47-6E40-4038-A6B3-21A162407497}.Debug|x86.ActiveCfg = Debug|Any CPU
		{75F82D47-6E40-4038-A6B3-21A162407497}.Debug|x86.Build.0 = Debug|Any CPU
		{75F82D47-6E40-4038-A6B3-21A162407497}.Debug|x86.Deploy.0 = Debug|Any CPU
		{75F82D47-6E40-4038-A6B3-21A162407497}.Release|Any CPU.ActiveCfg = Release|Any CPU
		{75F82D47-6E40-4038-A6B3-21A162407497}.Release|Any CPU.Build.0 = Release|Any CPU
		{75F82D47-6E40-4038-A6B3-21A162407497}.Release|Any CPU.Deploy.0 = Release|Any CPU
		{75F82D47-6E40-4038-A6B3-21A162407497}.Release|ARM.ActiveCfg = Release|Any CPU
		{75F82D47-6E40-4038-A6B3-21A162407497}.Release|ARM.Build.0 = Release|Any CPU
		{75F82D47-6E40-4038-A6B3-21A162407497}.Release|ARM.Deploy.0 = Release|Any CPU
		{75F82D47-6E40-4038-A6B3-21A162407497}.Release|iPhone.ActiveCfg = Release|Any CPU
		{75F82D47-6E40-4038-A6B3-21A162407497}.Release|iPhone.Build.0 = Release|Any CPU
		{75F82D47-6E40-4038-A6B3-21A162407497}.Release|iPhone.Deploy.0 = Release|Any CPU
		{75F82D47-6E40-4038-A6B3-21A162407497}.Release|iPhoneSimulator.ActiveCfg = Release|Any CPU
		{75F82D47-6E40-4038-A6B3-21A162407497}.Release|iPhoneSimulator.Build.0 = Release|Any CPU
		{75F82D47-6E40-4038-A6B3-21A162407497}.Release|iPhoneSimulator.Deploy.0 = Release|Any CPU
		{75F82D47-6E40-4038-A6B3-21A162407497}.Release|x64.ActiveCfg = Release|Any CPU
		{75F82D47-6E40-4038-A6B3-21A162407497}.Release|x64.Build.0 = Release|Any CPU
		{75F82D47-6E40-4038-A6B3-21A162407497}.Release|x64.Deploy.0 = Release|Any CPU
		{75F82D47-6E40-4038-A6B3-21A162407497}.Release|x86.ActiveCfg = Release|Any CPU
		{75F82D47-6E40-4038-A6B3-21A162407497}.Release|x86.Build.0 = Release|Any CPU
		{75F82D47-6E40-4038-A6B3-21A162407497}.Release|x86.Deploy.0 = Release|Any CPU
	EndGlobalSection
	GlobalSection(SolutionProperties) = preSolution
		HideSolutionNode = FALSE
	EndGlobalSection
	GlobalSection(ExtensibilityGlobals) = postSolution
		SolutionGuid = {598BE116-8DF3-470E-BFDA-DEADEBC0357F}
	EndGlobalSection
EndGlobal
